# This file is automatically @generated by Poetry 1.8.3 and should not be changed by hand.

[[package]]
name = "colorama"
version = "0.4.6"
description = "Cross-platform colored terminal text."
optional = false
python-versions = "!=3.0.*,!=3.1.*,!=3.2.*,!=3.3.*,!=3.4.*,!=3.5.*,!=3.6.*,>=2.7"
files = [
    {file = "colorama-0.4.6-py2.py3-none-any.whl", hash = "sha256:4f1d9991f5acc0ca119f9d443620b77f9d6b33703e51011c16baf57afb285fc6"},
    {file = "colorama-0.4.6.tar.gz", hash = "sha256:08695f5cb7ed6e0531a20572697297273c47b8cae5a63ffc6d6ed5c201be6e44"},
]

[[package]]
name = "grpcio"
version = "1.70.0"
description = "HTTP/2-based RPC framework"
optional = false
python-versions = ">=3.8"
files = [
    {file = "grpcio-1.70.0-cp310-cp310-linux_armv7l.whl", hash = "sha256:95469d1977429f45fe7df441f586521361e235982a0b39e33841549143ae2851"},
    {file = "grpcio-1.70.0-cp310-cp310-macosx_12_0_universal2.whl", hash = "sha256:ed9718f17fbdb472e33b869c77a16d0b55e166b100ec57b016dc7de9c8d236bf"},
    {file = "grpcio-1.70.0-cp310-cp310-manylinux_2_17_aarch64.whl", hash = "sha256:374d014f29f9dfdb40510b041792e0e2828a1389281eb590df066e1cc2b404e5"},
    {file = "grpcio-1.70.0-cp310-cp310-manylinux_2_17_i686.manylinux2014_i686.whl", hash = "sha256:f2af68a6f5c8f78d56c145161544ad0febbd7479524a59c16b3e25053f39c87f"},
    {file = "grpcio-1.70.0-cp310-cp310-manylinux_2_17_x86_64.manylinux2014_x86_64.whl", hash = "sha256:ce7df14b2dcd1102a2ec32f621cc9fab6695effef516efbc6b063ad749867295"},
    {file = "grpcio-1.70.0-cp310-cp310-musllinux_1_1_i686.whl", hash = "sha256:c78b339869f4dbf89881e0b6fbf376313e4f845a42840a7bdf42ee6caed4b11f"},
    {file = "grpcio-1.70.0-cp310-cp310-musllinux_1_1_x86_64.whl", hash = "sha256:58ad9ba575b39edef71f4798fdb5c7b6d02ad36d47949cd381d4392a5c9cbcd3"},
    {file = "grpcio-1.70.0-cp310-cp310-win32.whl", hash = "sha256:2b0d02e4b25a5c1f9b6c7745d4fa06efc9fd6a611af0fb38d3ba956786b95199"},
    {file = "grpcio-1.70.0-cp310-cp310-win_amd64.whl", hash = "sha256:0de706c0a5bb9d841e353f6343a9defc9fc35ec61d6eb6111802f3aa9fef29e1"},
    {file = "grpcio-1.70.0-cp311-cp311-linux_armv7l.whl", hash = "sha256:17325b0be0c068f35770f944124e8839ea3185d6d54862800fc28cc2ffad205a"},
    {file = "grpcio-1.70.0-cp311-cp311-macosx_10_14_universal2.whl", hash = "sha256:dbe41ad140df911e796d4463168e33ef80a24f5d21ef4d1e310553fcd2c4a386"},
    {file = "grpcio-1.70.0-cp311-cp311-manylinux_2_17_aarch64.whl", hash = "sha256:5ea67c72101d687d44d9c56068328da39c9ccba634cabb336075fae2eab0d04b"},
    {file = "grpcio-1.70.0-cp311-cp311-manylinux_2_17_i686.manylinux2014_i686.whl", hash = "sha256:cb5277db254ab7586769e490b7b22f4ddab3876c490da0a1a9d7c695ccf0bf77"},
    {file = "grpcio-1.70.0-cp311-cp311-manylinux_2_17_x86_64.manylinux2014_x86_64.whl", hash = "sha256:e7831a0fc1beeeb7759f737f5acd9fdcda520e955049512d68fda03d91186eea"},
    {file = "grpcio-1.70.0-cp311-cp311-musllinux_1_1_i686.whl", hash = "sha256:27cc75e22c5dba1fbaf5a66c778e36ca9b8ce850bf58a9db887754593080d839"},
    {file = "grpcio-1.70.0-cp311-cp311-musllinux_1_1_x86_64.whl", hash = "sha256:d63764963412e22f0491d0d32833d71087288f4e24cbcddbae82476bfa1d81fd"},
    {file = "grpcio-1.70.0-cp311-cp311-win32.whl", hash = "sha256:bb491125103c800ec209d84c9b51f1c60ea456038e4734688004f377cfacc113"},
    {file = "grpcio-1.70.0-cp311-cp311-win_amd64.whl", hash = "sha256:d24035d49e026353eb042bf7b058fb831db3e06d52bee75c5f2f3ab453e71aca"},
    {file = "grpcio-1.70.0-cp312-cp312-linux_armv7l.whl", hash = "sha256:ef4c14508299b1406c32bdbb9fb7b47612ab979b04cf2b27686ea31882387cff"},
    {file = "grpcio-1.70.0-cp312-cp312-macosx_10_14_universal2.whl", hash = "sha256:aa47688a65643afd8b166928a1da6247d3f46a2784d301e48ca1cc394d2ffb40"},
    {file = "grpcio-1.70.0-cp312-cp312-manylinux_2_17_aarch64.whl", hash = "sha256:880bfb43b1bb8905701b926274eafce5c70a105bc6b99e25f62e98ad59cb278e"},
    {file = "grpcio-1.70.0-cp312-cp312-manylinux_2_17_i686.manylinux2014_i686.whl", hash = "sha256:9e654c4b17d07eab259d392e12b149c3a134ec52b11ecdc6a515b39aceeec898"},
    {file = "grpcio-1.70.0-cp312-cp312-manylinux_2_17_x86_64.manylinux2014_x86_64.whl", hash = "sha256:2394e3381071045a706ee2eeb6e08962dd87e8999b90ac15c55f56fa5a8c9597"},
    {file = "grpcio-1.70.0-cp312-cp312-musllinux_1_1_i686.whl", hash = "sha256:b3c76701428d2df01964bc6479422f20e62fcbc0a37d82ebd58050b86926ef8c"},
    {file = "grpcio-1.70.0-cp312-cp312-musllinux_1_1_x86_64.whl", hash = "sha256:ac073fe1c4cd856ebcf49e9ed6240f4f84d7a4e6ee95baa5d66ea05d3dd0df7f"},
    {file = "grpcio-1.70.0-cp312-cp312-win32.whl", hash = "sha256:cd24d2d9d380fbbee7a5ac86afe9787813f285e684b0271599f95a51bce33528"},
    {file = "grpcio-1.70.0-cp312-cp312-win_amd64.whl", hash = "sha256:0495c86a55a04a874c7627fd33e5beaee771917d92c0e6d9d797628ac40e7655"},
    {file = "grpcio-1.70.0-cp313-cp313-linux_armv7l.whl", hash = "sha256:aa573896aeb7d7ce10b1fa425ba263e8dddd83d71530d1322fd3a16f31257b4a"},
    {file = "grpcio-1.70.0-cp313-cp313-macosx_10_14_universal2.whl", hash = "sha256:d405b005018fd516c9ac529f4b4122342f60ec1cee181788249372524e6db429"},
    {file = "grpcio-1.70.0-cp313-cp313-manylinux_2_17_aarch64.whl", hash = "sha256:f32090238b720eb585248654db8e3afc87b48d26ac423c8dde8334a232ff53c9"},
    {file = "grpcio-1.70.0-cp313-cp313-manylinux_2_17_i686.manylinux2014_i686.whl", hash = "sha256:dfa089a734f24ee5f6880c83d043e4f46bf812fcea5181dcb3a572db1e79e01c"},
    {file = "grpcio-1.70.0-cp313-cp313-manylinux_2_17_x86_64.manylinux2014_x86_64.whl", hash = "sha256:f19375f0300b96c0117aca118d400e76fede6db6e91f3c34b7b035822e06c35f"},
    {file = "grpcio-1.70.0-cp313-cp313-musllinux_1_1_i686.whl", hash = "sha256:7c73c42102e4a5ec76608d9b60227d917cea46dff4d11d372f64cbeb56d259d0"},
    {file = "grpcio-1.70.0-cp313-cp313-musllinux_1_1_x86_64.whl", hash = "sha256:0a5c78d5198a1f0aa60006cd6eb1c912b4a1520b6a3968e677dbcba215fabb40"},
    {file = "grpcio-1.70.0-cp313-cp313-win32.whl", hash = "sha256:fe9dbd916df3b60e865258a8c72ac98f3ac9e2a9542dcb72b7a34d236242a5ce"},
    {file = "grpcio-1.70.0-cp313-cp313-win_amd64.whl", hash = "sha256:4119fed8abb7ff6c32e3d2255301e59c316c22d31ab812b3fbcbaf3d0d87cc68"},
    {file = "grpcio-1.70.0-cp38-cp38-linux_armv7l.whl", hash = "sha256:8058667a755f97407fca257c844018b80004ae8035565ebc2812cc550110718d"},
    {file = "grpcio-1.70.0-cp38-cp38-macosx_10_14_universal2.whl", hash = "sha256:879a61bf52ff8ccacbedf534665bb5478ec8e86ad483e76fe4f729aaef867cab"},
    {file = "grpcio-1.70.0-cp38-cp38-manylinux_2_17_aarch64.whl", hash = "sha256:0ba0a173f4feacf90ee618fbc1a27956bfd21260cd31ced9bc707ef551ff7dc7"},
    {file = "grpcio-1.70.0-cp38-cp38-manylinux_2_17_i686.manylinux2014_i686.whl", hash = "sha256:558c386ecb0148f4f99b1a65160f9d4b790ed3163e8610d11db47838d452512d"},
    {file = "grpcio-1.70.0-cp38-cp38-manylinux_2_17_x86_64.manylinux2014_x86_64.whl", hash = "sha256:412faabcc787bbc826f51be261ae5fa996b21263de5368a55dc2cf824dc5090e"},
    {file = "grpcio-1.70.0-cp38-cp38-musllinux_1_1_i686.whl", hash = "sha256:3b0f01f6ed9994d7a0b27eeddea43ceac1b7e6f3f9d86aeec0f0064b8cf50fdb"},
    {file = "grpcio-1.70.0-cp38-cp38-musllinux_1_1_x86_64.whl", hash = "sha256:7385b1cb064734005204bc8994eed7dcb801ed6c2eda283f613ad8c6c75cf873"},
    {file = "grpcio-1.70.0-cp38-cp38-win32.whl", hash = "sha256:07269ff4940f6fb6710951116a04cd70284da86d0a4368fd5a3b552744511f5a"},
    {file = "grpcio-1.70.0-cp38-cp38-win_amd64.whl", hash = "sha256:aba19419aef9b254e15011b230a180e26e0f6864c90406fdbc255f01d83bc83c"},
    {file = "grpcio-1.70.0-cp39-cp39-linux_armv7l.whl", hash = "sha256:4f1937f47c77392ccd555728f564a49128b6a197a05a5cd527b796d36f3387d0"},
    {file = "grpcio-1.70.0-cp39-cp39-macosx_10_14_universal2.whl", hash = "sha256:0cd430b9215a15c10b0e7d78f51e8a39d6cf2ea819fd635a7214fae600b1da27"},
    {file = "grpcio-1.70.0-cp39-cp39-manylinux_2_17_aarch64.whl", hash = "sha256:e27585831aa6b57b9250abaf147003e126cd3a6c6ca0c531a01996f31709bed1"},
    {file = "grpcio-1.70.0-cp39-cp39-manylinux_2_17_i686.manylinux2014_i686.whl", hash = "sha256:c1af8e15b0f0fe0eac75195992a63df17579553b0c4af9f8362cc7cc99ccddf4"},
    {file = "grpcio-1.70.0-cp39-cp39-manylinux_2_17_x86_64.manylinux2014_x86_64.whl", hash = "sha256:cbce24409beaee911c574a3d75d12ffb8c3e3dd1b813321b1d7a96bbcac46bf4"},
    {file = "grpcio-1.70.0-cp39-cp39-musllinux_1_1_i686.whl", hash = "sha256:ff4a8112a79464919bb21c18e956c54add43ec9a4850e3949da54f61c241a4a6"},
    {file = "grpcio-1.70.0-cp39-cp39-musllinux_1_1_x86_64.whl", hash = "sha256:5413549fdf0b14046c545e19cfc4eb1e37e9e1ebba0ca390a8d4e9963cab44d2"},
    {file = "grpcio-1.70.0-cp39-cp39-win32.whl", hash = "sha256:b745d2c41b27650095e81dea7091668c040457483c9bdb5d0d9de8f8eb25e59f"},
    {file = "grpcio-1.70.0-cp39-cp39-win_amd64.whl", hash = "sha256:a31d7e3b529c94e930a117b2175b2efd179d96eb3c7a21ccb0289a8ab05b645c"},
    {file = "grpcio-1.70.0.tar.gz", hash = "sha256:8d1584a68d5922330025881e63a6c1b54cc8117291d382e4fa69339b6d914c56"},
]

[package.extras]
protobuf = ["grpcio-tools (>=1.70.0)"]

[[package]]
name = "grpcio-tools"
version = "1.62.3"
description = "Protobuf code generator for gRPC"
optional = false
python-versions = ">=3.7"
files = [
    {file = "grpcio-tools-1.62.3.tar.gz", hash = "sha256:7c7136015c3d62c3eef493efabaf9e3380e3e66d24ee8e94c01cb71377f57833"},
    {file = "grpcio_tools-1.62.3-cp310-cp310-macosx_12_0_universal2.whl", hash = "sha256:2f968b049c2849540751ec2100ab05e8086c24bead769ca734fdab58698408c1"},
    {file = "grpcio_tools-1.62.3-cp310-cp310-manylinux_2_17_aarch64.whl", hash = "sha256:0a8c0c4724ae9c2181b7dbc9b186df46e4f62cb18dc184e46d06c0ebeccf569e"},
    {file = "grpcio_tools-1.62.3-cp310-cp310-manylinux_2_17_i686.manylinux2014_i686.whl", hash = "sha256:5782883a27d3fae8c425b29a9d3dcf5f47d992848a1b76970da3b5a28d424b26"},
    {file = "grpcio_tools-1.62.3-cp310-cp310-manylinux_2_17_x86_64.manylinux2014_x86_64.whl", hash = "sha256:f3d812daffd0c2d2794756bd45a353f89e55dc8f91eb2fc840c51b9f6be62667"},
    {file = "grpcio_tools-1.62.3-cp310-cp310-musllinux_1_1_i686.whl", hash = "sha256:b47d0dda1bdb0a0ba7a9a6de88e5a1ed61f07fad613964879954961e36d49193"},
    {file = "grpcio_tools-1.62.3-cp310-cp310-musllinux_1_1_x86_64.whl", hash = "sha256:ca246dffeca0498be9b4e1ee169b62e64694b0f92e6d0be2573e65522f39eea9"},
    {file = "grpcio_tools-1.62.3-cp310-cp310-win32.whl", hash = "sha256:6a56d344b0bab30bf342a67e33d386b0b3c4e65868ffe93c341c51e1a8853ca5"},
    {file = "grpcio_tools-1.62.3-cp310-cp310-win_amd64.whl", hash = "sha256:710fecf6a171dcbfa263a0a3e7070e0df65ba73158d4c539cec50978f11dad5d"},
    {file = "grpcio_tools-1.62.3-cp311-cp311-macosx_10_10_universal2.whl", hash = "sha256:703f46e0012af83a36082b5f30341113474ed0d91e36640da713355cd0ea5d23"},
    {file = "grpcio_tools-1.62.3-cp311-cp311-manylinux_2_17_aarch64.whl", hash = "sha256:7cc83023acd8bc72cf74c2edbe85b52098501d5b74d8377bfa06f3e929803492"},
    {file = "grpcio_tools-1.62.3-cp311-cp311-manylinux_2_17_i686.manylinux2014_i686.whl", hash = "sha256:7ff7d58a45b75df67d25f8f144936a3e44aabd91afec833ee06826bd02b7fbe7"},
    {file = "grpcio_tools-1.62.3-cp311-cp311-manylinux_2_17_x86_64.manylinux2014_x86_64.whl", hash = "sha256:7f2483ea232bd72d98a6dc6d7aefd97e5bc80b15cd909b9e356d6f3e326b6e43"},
    {file = "grpcio_tools-1.62.3-cp311-cp311-musllinux_1_1_i686.whl", hash = "sha256:962c84b4da0f3b14b3cdb10bc3837ebc5f136b67d919aea8d7bb3fd3df39528a"},
    {file = "grpcio_tools-1.62.3-cp311-cp311-musllinux_1_1_x86_64.whl", hash = "sha256:8ad0473af5544f89fc5a1ece8676dd03bdf160fb3230f967e05d0f4bf89620e3"},
    {file = "grpcio_tools-1.62.3-cp311-cp311-win32.whl", hash = "sha256:db3bc9fa39afc5e4e2767da4459df82b095ef0cab2f257707be06c44a1c2c3e5"},
    {file = "grpcio_tools-1.62.3-cp311-cp311-win_amd64.whl", hash = "sha256:e0898d412a434e768a0c7e365acabe13ff1558b767e400936e26b5b6ed1ee51f"},
    {file = "grpcio_tools-1.62.3-cp312-cp312-macosx_10_10_universal2.whl", hash = "sha256:d102b9b21c4e1e40af9a2ab3c6d41afba6bd29c0aa50ca013bf85c99cdc44ac5"},
    {file = "grpcio_tools-1.62.3-cp312-cp312-manylinux_2_17_aarch64.whl", hash = "sha256:0a52cc9444df978438b8d2332c0ca99000521895229934a59f94f37ed896b133"},
    {file = "grpcio_tools-1.62.3-cp312-cp312-manylinux_2_17_i686.manylinux2014_i686.whl", hash = "sha256:141d028bf5762d4a97f981c501da873589df3f7e02f4c1260e1921e565b376fa"},
    {file = "grpcio_tools-1.62.3-cp312-cp312-manylinux_2_17_x86_64.manylinux2014_x86_64.whl", hash = "sha256:47a5c093ab256dec5714a7a345f8cc89315cb57c298b276fa244f37a0ba507f0"},
    {file = "grpcio_tools-1.62.3-cp312-cp312-musllinux_1_1_i686.whl", hash = "sha256:f6831fdec2b853c9daa3358535c55eed3694325889aa714070528cf8f92d7d6d"},
    {file = "grpcio_tools-1.62.3-cp312-cp312-musllinux_1_1_x86_64.whl", hash = "sha256:e02d7c1a02e3814c94ba0cfe43d93e872c758bd8fd5c2797f894d0c49b4a1dfc"},
    {file = "grpcio_tools-1.62.3-cp312-cp312-win32.whl", hash = "sha256:b881fd9505a84457e9f7e99362eeedd86497b659030cf57c6f0070df6d9c2b9b"},
    {file = "grpcio_tools-1.62.3-cp312-cp312-win_amd64.whl", hash = "sha256:11c625eebefd1fd40a228fc8bae385e448c7e32a6ae134e43cf13bbc23f902b7"},
    {file = "grpcio_tools-1.62.3-cp37-cp37m-macosx_10_10_universal2.whl", hash = "sha256:ec6fbded0c61afe6f84e3c2a43e6d656791d95747d6d28b73eff1af64108c434"},
    {file = "grpcio_tools-1.62.3-cp37-cp37m-manylinux_2_17_aarch64.whl", hash = "sha256:bfda6ee8990997a9df95c5606f3096dae65f09af7ca03a1e9ca28f088caca5cf"},
    {file = "grpcio_tools-1.62.3-cp37-cp37m-manylinux_2_17_i686.manylinux2014_i686.whl", hash = "sha256:b77f9f9cee87cd798f0fe26b7024344d1b03a7cd2d2cba7035f8433b13986325"},
    {file = "grpcio_tools-1.62.3-cp37-cp37m-manylinux_2_17_x86_64.manylinux2014_x86_64.whl", hash = "sha256:2e02d3b96f2d0e4bab9ceaa30f37d4f75571e40c6272e95364bff3125a64d184"},
    {file = "grpcio_tools-1.62.3-cp37-cp37m-musllinux_1_1_i686.whl", hash = "sha256:1da38070738da53556a4b35ab67c1b9884a5dd48fa2f243db35dc14079ea3d0c"},
    {file = "grpcio_tools-1.62.3-cp37-cp37m-musllinux_1_1_x86_64.whl", hash = "sha256:ace43b26d88a58dcff16c20d23ff72b04d0a415f64d2820f4ff06b1166f50557"},
    {file = "grpcio_tools-1.62.3-cp37-cp37m-win_amd64.whl", hash = "sha256:350a80485e302daaa95d335a931f97b693e170e02d43767ab06552c708808950"},
    {file = "grpcio_tools-1.62.3-cp38-cp38-macosx_10_10_universal2.whl", hash = "sha256:c3a1ac9d394f8e229eb28eec2e04b9a6f5433fa19c9d32f1cb6066e3c5114a1d"},
    {file = "grpcio_tools-1.62.3-cp38-cp38-manylinux_2_17_aarch64.whl", hash = "sha256:11f363570dea661dde99e04a51bd108a5807b5df32a6f8bdf4860e34e94a4dbf"},
    {file = "grpcio_tools-1.62.3-cp38-cp38-manylinux_2_17_i686.manylinux2014_i686.whl", hash = "sha256:dc9ad9950119d8ae27634e68b7663cc8d340ae535a0f80d85a55e56a6973ab1f"},
    {file = "grpcio_tools-1.62.3-cp38-cp38-manylinux_2_17_x86_64.manylinux2014_x86_64.whl", hash = "sha256:8c5d22b252dcef11dd1e0fbbe5bbfb9b4ae048e8880d33338215e8ccbdb03edc"},
    {file = "grpcio_tools-1.62.3-cp38-cp38-musllinux_1_1_i686.whl", hash = "sha256:27cd9ef5c5d68d5ed104b6dcb96fe9c66b82050e546c9e255716903c3d8f0373"},
    {file = "grpcio_tools-1.62.3-cp38-cp38-musllinux_1_1_x86_64.whl", hash = "sha256:f4b1615adf67bd8bb71f3464146a6f9949972d06d21a4f5e87e73f6464d97f57"},
    {file = "grpcio_tools-1.62.3-cp38-cp38-win32.whl", hash = "sha256:e18e15287c31baf574fcdf8251fb7f997d64e96c6ecf467906e576da0a079af6"},
    {file = "grpcio_tools-1.62.3-cp38-cp38-win_amd64.whl", hash = "sha256:6c3064610826f50bd69410c63101954676edc703e03f9e8f978a135f1aaf97c1"},
    {file = "grpcio_tools-1.62.3-cp39-cp39-macosx_10_10_universal2.whl", hash = "sha256:8e62cc7164b0b7c5128e637e394eb2ef3db0e61fc798e80c301de3b2379203ed"},
    {file = "grpcio_tools-1.62.3-cp39-cp39-manylinux_2_17_aarch64.whl", hash = "sha256:c8ad5cce554e2fcaf8842dee5d9462583b601a3a78f8b76a153c38c963f58c10"},
    {file = "grpcio_tools-1.62.3-cp39-cp39-manylinux_2_17_i686.manylinux2014_i686.whl", hash = "sha256:ec279dcf3518201fc592c65002754f58a6b542798cd7f3ecd4af086422f33f29"},
    {file = "grpcio_tools-1.62.3-cp39-cp39-manylinux_2_17_x86_64.manylinux2014_x86_64.whl", hash = "sha256:1c989246c2aebc13253f08be32538a4039a64e12d9c18f6d662d7aee641dc8b5"},
    {file = "grpcio_tools-1.62.3-cp39-cp39-musllinux_1_1_i686.whl", hash = "sha256:ca4f5eeadbb57cf03317d6a2857823239a63a59cc935f5bd6cf6e8b7af7a7ecc"},
    {file = "grpcio_tools-1.62.3-cp39-cp39-musllinux_1_1_x86_64.whl", hash = "sha256:0cb3a3436ac119cbd37a7d3331d9bdf85dad21a6ac233a3411dff716dcbf401e"},
    {file = "grpcio_tools-1.62.3-cp39-cp39-win32.whl", hash = "sha256:3eae6ea76d62fcac091e1f15c2dcedf1dc3f114f8df1a972a8a0745e89f4cf61"},
    {file = "grpcio_tools-1.62.3-cp39-cp39-win_amd64.whl", hash = "sha256:eec73a005443061f4759b71a056f745e3b000dc0dc125c9f20560232dfbcbd14"},
]

[package.dependencies]
grpcio = ">=1.62.3"
protobuf = ">=4.21.6,<5.0dev"
setuptools = "*"

[[package]]
name = "iniconfig"
version = "2.0.0"
description = "brain-dead simple config-ini parsing"
optional = false
python-versions = ">=3.7"
files = [
    {file = "iniconfig-2.0.0-py3-none-any.whl", hash = "sha256:b6a85871a79d2e3b22d2d1b94ac2824226a63c6b741c88f7ae975f18b6778374"},
    {file = "iniconfig-2.0.0.tar.gz", hash = "sha256:2d91e135bf72d31a410b17c16da610a82cb55f6b0477d1a902134b24a455b8b3"},
]

[[package]]
name = "packaging"
version = "24.2"
description = "Core utilities for Python packages"
optional = false
python-versions = ">=3.8"
files = [
    {file = "packaging-24.2-py3-none-any.whl", hash = "sha256:09abb1bccd265c01f4a3aa3f7a7db064b36514d2cba19a2f694fe6150451a759"},
    {file = "packaging-24.2.tar.gz", hash = "sha256:c228a6dc5e932d346bc5739379109d49e8853dd8223571c7c5b55260edc0b97f"},
]

[[package]]
name = "pluggy"
version = "1.5.0"
description = "plugin and hook calling mechanisms for python"
optional = false
python-versions = ">=3.8"
files = [
    {file = "pluggy-1.5.0-py3-none-any.whl", hash = "sha256:44e1ad92c8ca002de6377e165f3e0f1be63266ab4d554740532335b9d75ea669"},
    {file = "pluggy-1.5.0.tar.gz", hash = "sha256:2cffa88e94fdc978c4c574f15f9e59b7f4201d439195c3715ca9e2486f1d0cf1"},
]

[package.extras]
dev = ["pre-commit", "tox"]
testing = ["pytest", "pytest-benchmark"]

[[package]]
name = "protobuf"
version = "4.25.6"
description = ""
optional = false
python-versions = ">=3.8"
files = [
    {file = "protobuf-4.25.6-cp310-abi3-win32.whl", hash = "sha256:61df6b5786e2b49fc0055f636c1e8f0aff263808bb724b95b164685ac1bcc13a"},
    {file = "protobuf-4.25.6-cp310-abi3-win_amd64.whl", hash = "sha256:b8f837bfb77513fe0e2f263250f423217a173b6d85135be4d81e96a4653bcd3c"},
    {file = "protobuf-4.25.6-cp37-abi3-macosx_10_9_universal2.whl", hash = "sha256:6d4381f2417606d7e01750e2729fe6fbcda3f9883aa0c32b51d23012bded6c91"},
    {file = "protobuf-4.25.6-cp37-abi3-manylinux2014_aarch64.whl", hash = "sha256:5dd800da412ba7f6f26d2c08868a5023ce624e1fdb28bccca2dc957191e81fb5"},
    {file = "protobuf-4.25.6-cp37-abi3-manylinux2014_x86_64.whl", hash = "sha256:4434ff8bb5576f9e0c78f47c41cdf3a152c0b44de475784cd3fd170aef16205a"},
    {file = "protobuf-4.25.6-cp38-cp38-win32.whl", hash = "sha256:8bad0f9e8f83c1fbfcc34e573352b17dfce7d0519512df8519994168dc015d7d"},
    {file = "protobuf-4.25.6-cp38-cp38-win_amd64.whl", hash = "sha256:b6905b68cde3b8243a198268bb46fbec42b3455c88b6b02fb2529d2c306d18fc"},
    {file = "protobuf-4.25.6-cp39-cp39-win32.whl", hash = "sha256:3f3b0b39db04b509859361ac9bca65a265fe9342e6b9406eda58029f5b1d10b2"},
    {file = "protobuf-4.25.6-cp39-cp39-win_amd64.whl", hash = "sha256:6ef2045f89d4ad8d95fd43cd84621487832a61d15b49500e4c1350e8a0ef96be"},
    {file = "protobuf-4.25.6-py3-none-any.whl", hash = "sha256:07972021c8e30b870cfc0863409d033af940213e0e7f64e27fe017b929d2c9f7"},
    {file = "protobuf-4.25.6.tar.gz", hash = "sha256:f8cfbae7c5afd0d0eaccbe73267339bff605a2315860bb1ba08eb66670a9a91f"},
]

[[package]]
name = "pytest"
version = "8.3.4"
description = "pytest: simple powerful testing with Python"
optional = false
python-versions = ">=3.8"
files = [
    {file = "pytest-8.3.4-py3-none-any.whl", hash = "sha256:50e16d954148559c9a74109af1eaf0c945ba2d8f30f0a3d3335edde19788b6f6"},
    {file = "pytest-8.3.4.tar.gz", hash = "sha256:965370d062bce11e73868e0335abac31b4d3de0e82f4007408d242b4f8610761"},
]

[package.dependencies]
colorama = {version = "*", markers = "sys_platform == \"win32\""}
iniconfig = "*"
packaging = "*"
pluggy = ">=1.5,<2"

[package.extras]
dev = ["argcomplete", "attrs (>=19.2)", "hypothesis (>=3.56)", "mock", "pygments (>=2.7.2)", "requests", "setuptools", "xmlschema"]

[[package]]
name = "pytest-asyncio"
version = "0.23.8"
description = "Pytest support for asyncio"
optional = false
python-versions = ">=3.8"
files = [
    {file = "pytest_asyncio-0.23.8-py3-none-any.whl", hash = "sha256:50265d892689a5faefb84df80819d1ecef566eb3549cf915dfb33569359d1ce2"},
    {file = "pytest_asyncio-0.23.8.tar.gz", hash = "sha256:759b10b33a6dc61cce40a8bd5205e302978bbbcc00e279a8b61d9a6a3c82e4d3"},
]

[package.dependencies]
pytest = ">=7.0.0,<9"

[package.extras]
docs = ["sphinx (>=5.3)", "sphinx-rtd-theme (>=1.0)"]
testing = ["coverage (>=6.2)", "hypothesis (>=5.7.1)"]

[[package]]
name = "ruff"
version = "0.3.7"
description = "An extremely fast Python linter and code formatter, written in Rust."
optional = false
python-versions = ">=3.7"
files = [
    {file = "ruff-0.3.7-py3-none-macosx_10_12_x86_64.macosx_11_0_arm64.macosx_10_12_universal2.whl", hash = "sha256:0e8377cccb2f07abd25e84fc5b2cbe48eeb0fea9f1719cad7caedb061d70e5ce"},
    {file = "ruff-0.3.7-py3-none-macosx_10_12_x86_64.whl", hash = "sha256:15a4d1cc1e64e556fa0d67bfd388fed416b7f3b26d5d1c3e7d192c897e39ba4b"},
    {file = "ruff-0.3.7-py3-none-manylinux_2_17_aarch64.manylinux2014_aarch64.whl", hash = "sha256:d28bdf3d7dc71dd46929fafeec98ba89b7c3550c3f0978e36389b5631b793663"},
    {file = "ruff-0.3.7-py3-none-manylinux_2_17_armv7l.manylinux2014_armv7l.whl", hash = "sha256:379b67d4f49774ba679593b232dcd90d9e10f04d96e3c8ce4a28037ae473f7bb"},
    {file = "ruff-0.3.7-py3-none-manylinux_2_17_i686.manylinux2014_i686.whl", hash = "sha256:c060aea8ad5ef21cdfbbe05475ab5104ce7827b639a78dd55383a6e9895b7c51"},
    {file = "ruff-0.3.7-py3-none-manylinux_2_17_ppc64.manylinux2014_ppc64.whl", hash = "sha256:ebf8f615dde968272d70502c083ebf963b6781aacd3079081e03b32adfe4d58a"},
    {file = "ruff-0.3.7-py3-none-manylinux_2_17_ppc64le.manylinux2014_ppc64le.whl", hash = "sha256:d48098bd8f5c38897b03604f5428901b65e3c97d40b3952e38637b5404b739a2"},
    {file = "ruff-0.3.7-py3-none-manylinux_2_17_s390x.manylinux2014_s390x.whl", hash = "sha256:da8a4fda219bf9024692b1bc68c9cff4b80507879ada8769dc7e985755d662ea"},
    {file = "ruff-0.3.7-py3-none-manylinux_2_17_x86_64.manylinux2014_x86_64.whl", hash = "sha256:6c44e0149f1d8b48c4d5c33d88c677a4aa22fd09b1683d6a7ff55b816b5d074f"},
    {file = "ruff-0.3.7-py3-none-musllinux_1_2_aarch64.whl", hash = "sha256:3050ec0af72b709a62ecc2aca941b9cd479a7bf2b36cc4562f0033d688e44fa1"},
    {file = "ruff-0.3.7-py3-none-musllinux_1_2_armv7l.whl", hash = "sha256:a29cc38e4c1ab00da18a3f6777f8b50099d73326981bb7d182e54a9a21bb4ff7"},
    {file = "ruff-0.3.7-py3-none-musllinux_1_2_i686.whl", hash = "sha256:5b15cc59c19edca917f51b1956637db47e200b0fc5e6e1878233d3a938384b0b"},
    {file = "ruff-0.3.7-py3-none-musllinux_1_2_x86_64.whl", hash = "sha256:e491045781b1e38b72c91247cf4634f040f8d0cb3e6d3d64d38dcf43616650b4"},
    {file = "ruff-0.3.7-py3-none-win32.whl", hash = "sha256:bc931de87593d64fad3a22e201e55ad76271f1d5bfc44e1a1887edd0903c7d9f"},
    {file = "ruff-0.3.7-py3-none-win_amd64.whl", hash = "sha256:5ef0e501e1e39f35e03c2acb1d1238c595b8bb36cf7a170e7c1df1b73da00e74"},
    {file = "ruff-0.3.7-py3-none-win_arm64.whl", hash = "sha256:789e144f6dc7019d1f92a812891c645274ed08af6037d11fc65fcbc183b7d59f"},
    {file = "ruff-0.3.7.tar.gz", hash = "sha256:d5c1aebee5162c2226784800ae031f660c350e7a3402c4d1f8ea4e97e232e3ba"},
]

[[package]]
name = "setuptools"
version = "75.8.2"
description = "Easily download, build, install, upgrade, and uninstall Python packages"
optional = false
python-versions = ">=3.9"
files = [
    {file = "setuptools-75.8.2-py3-none-any.whl", hash = "sha256:558e47c15f1811c1fa7adbd0096669bf76c1d3f433f58324df69f3f5ecac4e8f"},
    {file = "setuptools-75.8.2.tar.gz", hash = "sha256:4880473a969e5f23f2a2be3646b2dfd84af9028716d398e46192f84bc36900d2"},
]

[package.extras]
check = ["pytest-checkdocs (>=2.4)", "pytest-ruff (>=0.2.1)", "ruff (>=0.8.0)"]
core = ["importlib_metadata (>=6)", "jaraco.collections", "jaraco.functools (>=4)", "jaraco.text (>=3.7)", "more_itertools", "more_itertools (>=8.8)", "packaging", "packaging (>=24.2)", "platformdirs (>=4.2.2)", "tomli (>=2.0.1)", "wheel (>=0.43.0)"]
cover = ["pytest-cov"]
doc = ["furo", "jaraco.packaging (>=9.3)", "jaraco.tidelift (>=1.4)", "pygments-github-lexers (==0.0.5)", "pyproject-hooks (!=1.1)", "rst.linker (>=1.9)", "sphinx (>=3.5)", "sphinx-favicon", "sphinx-inline-tabs", "sphinx-lint", "sphinx-notfound-page (>=1,<2)", "sphinx-reredirects", "sphinxcontrib-towncrier", "towncrier (<24.7)"]
enabler = ["pytest-enabler (>=2.2)"]
test = ["build[virtualenv] (>=1.0.3)", "filelock (>=3.4.0)", "ini2toml[lite] (>=0.14)", "jaraco.develop (>=7.21)", "jaraco.envs (>=2.2)", "jaraco.path (>=3.7.2)", "jaraco.test (>=5.5)", "packaging (>=24.2)", "pip (>=19.1)", "pyproject-hooks (!=1.1)", "pytest (>=6,!=8.1.*)", "pytest-home (>=0.5)", "pytest-perf", "pytest-subprocess", "pytest-timeout", "pytest-xdist (>=3)", "tomli-w (>=1.0.0)", "virtualenv (>=13.0.0)", "wheel (>=0.44.0)"]
type = ["importlib_metadata (>=7.0.2)", "jaraco.develop (>=7.21)", "mypy (==1.14.*)", "pytest-mypy"]

[metadata]
lock-version = "2.0"
python-versions = "^3.12"
content-hash = "1ed5125f290d2c2eeb6f12f1f93696d66ddec960a24f274134c86de99294f495"
